
Microsoft Visual Studio Solution File, Format Version 12.00
# Visual Studio Version 17
VisualStudioVersion = 17.3.32825.248
MinimumVisualStudioVersion = 10.0.40219.1
Project("{8BC9CEB8-8B4A-11D0-8D11-00A0C91BC942}") = "Project4", "Project4.vcxproj", "{30510A56-74F1-4F2D-826F-68F44EB82988}"
EndProject
Global
	GlobalSection(SolutionConfigurationPlatforms) = preSolution
		Debug|x64 = Debug|x64
		Debug|x86 = Debug|x86
		Release|x64 = Release|x64
		Release|x86 = Release|x86
	EndGlobalSection
	GlobalSection(ProjectConfigurationPlatforms) = postSolution
		{30510A56-74F1-4F2D-826F-68F44EB82988}.Debug|x64.ActiveCfg = Debug|x64
		{30510A56-74F1-4F2D-826F-68F44EB82988}.Debug|x64.Build.0 = Debug|x64
		{30510A56-74F1-4F2D-826F-68F44EB82988}.Debug|x86.ActiveCfg = Debug|Win32
		{30510A56-74F1-4F2D-826F-68F44EB82988}.Debug|x86.Build.0 = Debug|Win32
		{30510A56-74F1-4F2D-826F-68F44EB82988}.Release|x64.ActiveCfg = Release|x64
		{30510A56-74F1-4F2D-826F-68F44EB82988}.Release|x64.Build.0 = Release|x64
		{30510A56-74F1-4F2D-826F-68F44EB82988}.Release|x86.ActiveCfg = Release|Win32
		{30510A56-74F1-4F2D-826F-68F44EB82988}.Release|x86.Build.0 = Release|Win32
	EndGlobalSection
	GlobalSection(SolutionProperties) = preSolution
		HideSolutionNode = FALSE
	EndGlobalSection
	GlobalSection(ExtensibilityGlobals) = postSolution
		SolutionGuid = {9CE4E7E6-D9CD-44EC-909B-90309DD78EFB}
	EndGlobalSection
EndGlobal
